
Microsoft Visual Studio Solution File, Format Version 12.00
# Visual Studio Version 17
VisualStudioVersion = 17.0.31903.59
MinimumVisualStudioVersion = 10.0.40219.1
Project("{FAE04EC0-301F-11D3-BF4B-00C04F79EFBC}") = "WebApp", "WebApp\WebApp.csproj", "{438D462D-092A-49D1-982A-0570BD56B355}"
EndProject
Global
	GlobalSection(SolutionConfigurationPlatforms) = preSolution
		Debug|Any CPU = Debug|Any CPU
		Release|Any CPU = Release|Any CPU
	EndGlobalSection
	GlobalSection(ProjectConfigurationPlatforms) = postSolution
		{438D462D-092A-49D1-982A-0570BD56B355}.Debug|Any CPU.ActiveCfg = Debug|Any CPU
		{438D462D-092A-49D1-982A-0570BD56B355}.Debug|Any CPU.Build.0 = Debug|Any CPU
		{438D462D-092A-49D1-982A-0570BD56B355}.Release|Any CPU.ActiveCfg = Release|Any CPU
		{438D462D-092A-49D1-982A-0570BD56B355}.Release|Any CPU.Build.0 = Release|Any CPU
	EndGlobalSection
	GlobalSection(SolutionProperties) = preSolution
		HideSolutionNode = FALSE
	EndGlobalSection
	GlobalSection(ExtensibilityGlobals) = postSolution
		SolutionGuid = {D366CCE6-70E1-446F-B33E-3D3A07A2749A}
	EndGlobalSection
EndGlobal
